
Microsoft Visual Studio Solution File, Format Version 12.00
# Visual Studio Version 17
VisualStudioVersion = 17.14.36518.9 d17.14
MinimumVisualStudioVersion = 10.0.40219.1
Project("{FAE04EC0-301F-11D3-BF4B-00C04F79EFBC}") = "ValueTooltipMod", "ValueTooltipMod.csproj", "{863E4C5C-27CB-474C-873B-F5D51D03F71E}"
EndProject
Global
	GlobalSection(SolutionConfigurationPlatforms) = preSolution
		Debug|Any CPU = Debug|Any CPU
		Release|Any CPU = Release|Any CPU
	EndGlobalSection
	GlobalSection(ProjectConfigurationPlatforms) = postSolution
		{863E4C5C-27CB-474C-873B-F5D51D03F71E}.Debug|Any CPU.ActiveCfg = Debug|Any CPU
		{863E4C5C-27CB-474C-873B-F5D51D03F71E}.Debug|Any CPU.Build.0 = Debug|Any CPU
		{863E4C5C-27CB-474C-873B-F5D51D03F71E}.Release|Any CPU.ActiveCfg = Release|Any CPU
		{863E4C5C-27CB-474C-873B-F5D51D03F71E}.Release|Any CPU.Build.0 = Release|Any CPU
	EndGlobalSection
	GlobalSection(SolutionProperties) = preSolution
		HideSolutionNode = FALSE
	EndGlobalSection
	GlobalSection(ExtensibilityGlobals) = postSolution
		SolutionGuid = {7C35A66F-4E93-4661-9244-4BCC963B3BE7}
	EndGlobalSection
EndGlobal
